<?xml version="1.0" encoding="utf-8"?>
<Project ToolsVersion="4.0" xmlns="http://schemas.microsoft.com/developer/msbuild/2003">
  <ItemGroup>
    <Filter Include="Source Files">
      <UniqueIdentifier>{4FC737F1-C7A5-4376-A066-2A32D752A2FF}</UniqueIdentifier>
      <Extensions>cpp;c;cc;cxx;c++;cppm;ixx;def;odl;idl;hpj;bat;asm;asmx</Extensions>
    </Filter>
    <Filter Include="Resource Files">
      <UniqueIdentifier>{67DA6AB6-F800-4c08-8B7A-83BB121AAD01}</UniqueIdentifier>
      <Extensions>rc;ico;cur;bmp;dlg;rc2;rct;bin;rgs;gif;jpg;jpeg;jpe;resx;tiff;tif;png;wav;mfcribbon-ms</Extensions>
    </Filter>
    <Filter Include="Source Files\ECS">
      <UniqueIdentifier>{1438c3f1-c4e8-481f-b38b-fafec249eb44}</UniqueIdentifier>
    </Filter>
    <Filter Include="Source Files\ECS\Components">
      <UniqueIdentifier>{e6ad09d1-d408-41ae-aff0-b2f261b992e5}</UniqueIdentifier>
    </Filter>
    <Filter Include="Source Files\ECS\Systems">
      <UniqueIdentifier>{8bd7fc65-e50e-44ed-9423-7f23e00fadff}</UniqueIdentifier>
    </Filter>
  </ItemGroup>
  <ItemGroup>
    <ClInclude Include="src\MyMath.h">
      <Filter>Source Files</Filter>
    </ClInclude>
    <ClInclude Include="src\MySDLWindow.h">
      <Filter>Source Files</Filter>
    </ClInclude>
    <ClInclude Include="src\SettingsResolver.h">
      <Filter>Source Files</Filter>
    </ClInclude>
    <ClInclude Include="src\Utils.h">
      <Filter>Source Files</Filter>
    </ClInclude>
    <ClInclude Include="src\GameCore.h">
      <Filter>Source Files</Filter>
    </ClInclude>
    <ClInclude Include="src\Export.h">
      <Filter>Source Files</Filter>
    </ClInclude>
    <ClInclude Include="src\BreezeAPI.h">
      <Filter>Source Files</Filter>
    </ClInclude>
    <ClInclude Include="src\ECS\Systems\TransformSystem.h">
      <Filter>Source Files\ECS\Systems</Filter>
    </ClInclude>
    <ClInclude Include="src\ECS\Systems\RenderSystem.h">
      <Filter>Source Files\ECS\Systems</Filter>
    </ClInclude>
    <ClInclude Include="src\ECS\ECSManager.h">
      <Filter>Source Files\ECS</Filter>
    </ClInclude>
    <ClInclude Include="src\ECS\Components\TransformComponent.h">
      <Filter>Source Files\ECS\Components</Filter>
    </ClInclude>
    <ClInclude Include="src\ECS\Components\InputComponent.h">
      <Filter>Source Files\ECS\Components</Filter>
    </ClInclude>
    <ClInclude Include="src\ECS\Components\RenderComponent.h">
      <Filter>Source Files\ECS\Components</Filter>
    </ClInclude>
    <ClInclude Include="src\ECS\Systems\InputSystem.h">
      <Filter>Source Files\ECS\Systems</Filter>
    </ClInclude>
    <ClInclude Include="src\ECS\Entity.h">
      <Filter>Source Files\ECS</Filter>
    </ClInclude>
    <ClInclude Include="src\ControlSchemes.h">
      <Filter>Source Files</Filter>
    </ClInclude>
    <ClInclude Include="src\ECS\Components\CollisionComponent.h">
      <Filter>Source Files\ECS\Components</Filter>
    </ClInclude>
    <ClInclude Include="src\ECS\Systems\CollisionSystem.h">
      <Filter>Source Files\ECS\Systems</Filter>
    </ClInclude>
    <ClInclude Include="EventManager.h">
      <Filter>Source Files</Filter>
    </ClInclude>
  </ItemGroup>
  <ItemGroup>
    <ClCompile Include="src\MyMath.cpp">
      <Filter>Source Files</Filter>
    </ClCompile>
    <ClCompile Include="src\MySDLWindow.cpp">
      <Filter>Source Files</Filter>
    </ClCompile>
    <ClCompile Include="src\SettingsResolver.cpp">
      <Filter>Source Files</Filter>
    </ClCompile>
    <ClCompile Include="src\GameCore.cpp">
      <Filter>Source Files</Filter>
    </ClCompile>
    <ClCompile Include="src\BreezeAPI.cpp">
      <Filter>Source Files</Filter>
    </ClCompile>
    <ClCompile Include="src\ECS\Systems\RenderSystem.cpp">
      <Filter>Source Files\ECS\Systems</Filter>
    </ClCompile>
    <ClCompile Include="src\ECS\ECSManager.cpp">
      <Filter>Source Files\ECS</Filter>
    </ClCompile>
    <ClCompile Include="src\ECS\Systems\TransformSystem.cpp">
      <Filter>Source Files\ECS\Systems</Filter>
    </ClCompile>
    <ClCompile Include="src\ECS\Systems\InputSystem.cpp">
      <Filter>Source Files\ECS\Systems</Filter>
    </ClCompile>
    <ClCompile Include="src\ECS\Entity.cpp">
      <Filter>Source Files\ECS</Filter>
    </ClCompile>
    <ClCompile Include="src\ECS\Systems\CollisionSystem.cpp">
      <Filter>Source Files\ECS\Systems</Filter>
    </ClCompile>
    <ClCompile Include="EventManager.cpp">
      <Filter>Source Files</Filter>
    </ClCompile>
  </ItemGroup>
</Project>